
Microsoft Visual Studio Solution File, Format Version 11.00
# Visual Studio 2010
Project("{8BC9CEB8-8B4A-11D0-8D11-00A0C91BC942}") = "ClientAuth", "ClientAuth.vcxproj", "{CA674E9F-50A0-4F2B-8507-4CB5F9C2438D}"
EndProject
Project("{8BC9CEB8-8B4A-11D0-8D11-00A0C91BC942}") = "ServerAuth", "ServerAuth.vcxproj", "{3F2D7CB7-4A9F-4224-B494-6A45A6F8E880}"
EndProject
Project("{8BC9CEB8-8B4A-11D0-8D11-00A0C91BC942}") = "ECCLib", "ECCLib.vcxproj", "{8D8DB9B6-0852-4427-B5E1-5E4EA1A8A2B7}"
EndProject
Project("{8BC9CEB8-8B4A-11D0-8D11-00A0C91BC942}") = "DemoAuth", "DemoAuth.vcxproj", "{FA68235F-800A-4EDA-90F9-7F1DA4B2069E}"
EndProject
Global
	GlobalSection(SolutionConfigurationPlatforms) = preSolution
		Debug|Win32 = Debug|Win32
		Debug|x64 = Debug|x64
		Release|Win32 = Release|Win32
		Release|x64 = Release|x64
	EndGlobalSection
	GlobalSection(ProjectConfigurationPlatforms) = postSolution
		{CA674E9F-50A0-4F2B-8507-4CB5F9C2438D}.Debug|Win32.ActiveCfg = Debug|Win32
		{CA674E9F-50A0-4F2B-8507-4CB5F9C2438D}.Debug|Win32.Build.0 = Debug|Win32
		{CA674E9F-50A0-4F2B-8507-4CB5F9C2438D}.Debug|x64.ActiveCfg = Debug|x64
		{CA674E9F-50A0-4F2B-8507-4CB5F9C2438D}.Debug|x64.Build.0 = Debug|x64
		{CA674E9F-50A0-4F2B-8507-4CB5F9C2438D}.Release|Win32.ActiveCfg = Release|Win32
		{CA674E9F-50A0-4F2B-8507-4CB5F9C2438D}.Release|Win32.Build.0 = Release|Win32
		{CA674E9F-50A0-4F2B-8507-4CB5F9C2438D}.Release|x64.ActiveCfg = Release|x64
		{CA674E9F-50A0-4F2B-8507-4CB5F9C2438D}.Release|x64.Build.0 = Release|x64
		{3F2D7CB7-4A9F-4224-B494-6A45A6F8E880}.Debug|Win32.ActiveCfg = Debug|Win32
		{3F2D7CB7-4A9F-4224-B494-6A45A6F8E880}.Debug|Win32.Build.0 = Debug|Win32
		{3F2D7CB7-4A9F-4224-B494-6A45A6F8E880}.Debug|x64.ActiveCfg = Debug|x64
		{3F2D7CB7-4A9F-4224-B494-6A45A6F8E880}.Debug|x64.Build.0 = Debug|x64
		{3F2D7CB7-4A9F-4224-B494-6A45A6F8E880}.Release|Win32.ActiveCfg = Release|Win32
		{3F2D7CB7-4A9F-4224-B494-6A45A6F8E880}.Release|Win32.Build.0 = Release|Win32
		{3F2D7CB7-4A9F-4224-B494-6A45A6F8E880}.Release|x64.ActiveCfg = Release|x64
		{3F2D7CB7-4A9F-4224-B494-6A45A6F8E880}.Release|x64.Build.0 = Release|x64
		{8D8DB9B6-0852-4427-B5E1-5E4EA1A8A2B7}.Debug|Win32.ActiveCfg = Debug|Win32
		{8D8DB9B6-0852-4427-B5E1-5E4EA1A8A2B7}.Debug|Win32.Build.0 = Debug|Win32
		{8D8DB9B6-0852-4427-B5E1-5E4EA1A8A2B7}.Debug|x64.ActiveCfg = Debug|x64
		{8D8DB9B6-0852-4427-B5E1-5E4EA1A8A2B7}.Debug|x64.Build.0 = Debug|x64
		{8D8DB9B6-0852-4427-B5E1-5E4EA1A8A2B7}.Release|Win32.ActiveCfg = Release|Win32
		{8D8DB9B6-0852-4427-B5E1-5E4EA1A8A2B7}.Release|Win32.Build.0 = Release|Win32
		{8D8DB9B6-0852-4427-B5E1-5E4EA1A8A2B7}.Release|x64.ActiveCfg = Release|x64
		{8D8DB9B6-0852-4427-B5E1-5E4EA1A8A2B7}.Release|x64.Build.0 = Release|x64
		{FA68235F-800A-4EDA-90F9-7F1DA4B2069E}.Debug|Win32.ActiveCfg = Debug|Win32
		{FA68235F-800A-4EDA-90F9-7F1DA4B2069E}.Debug|Win32.Build.0 = Debug|Win32
		{FA68235F-800A-4EDA-90F9-7F1DA4B2069E}.Debug|x64.ActiveCfg = Debug|x64
		{FA68235F-800A-4EDA-90F9-7F1DA4B2069E}.Debug|x64.Build.0 = Debug|x64
		{FA68235F-800A-4EDA-90F9-7F1DA4B2069E}.Release|Win32.ActiveCfg = Release|Win32
		{FA68235F-800A-4EDA-90F9-7F1DA4B2069E}.Release|Win32.Build.0 = Release|Win32
		{FA68235F-800A-4EDA-90F9-7F1DA4B2069E}.Release|x64.ActiveCfg = Release|x64
		{FA68235F-800A-4EDA-90F9-7F1DA4B2069E}.Release|x64.Build.0 = Release|x64
	EndGlobalSection
	GlobalSection(SolutionProperties) = preSolution
		HideSolutionNode = FALSE
	EndGlobalSection
EndGlobal
